
Microsoft Visual Studio Solution File, Format Version 12.00
# Visual Studio 15
VisualStudioVersion = 15.0.26730.15
MinimumVisualStudioVersion = 10.0.40219.1
Project("{9A19103F-16F7-4668-BE54-9A1E7A4F7556}") = "visa.poc.api", "visa.poc.api\visa.poc.api.csproj", "{7749963D-03A1-424B-B627-DEA6278D6924}"
EndProject
Project("{FAE04EC0-301F-11D3-BF4B-00C04F79EFBC}") = "visa.poc.api.legacy", "visa.poc.api.legacy\visa.poc.api.legacy.csproj", "{450575DA-46ED-4229-9D67-F79202EF345E}"
EndProject
Project("{FAE04EC0-301F-11D3-BF4B-00C04F79EFBC}") = "visa.poc.api.tests", "visa.poc.api.tests\visa.poc.api.tests.csproj", "{B5A34FF0-0FA6-487D-AC10-9F0CE9296778}"
EndProject
Global
	GlobalSection(SolutionConfigurationPlatforms) = preSolution
		Debug|Any CPU = Debug|Any CPU
		Release|Any CPU = Release|Any CPU
	EndGlobalSection
	GlobalSection(ProjectConfigurationPlatforms) = postSolution
		{7749963D-03A1-424B-B627-DEA6278D6924}.Debug|Any CPU.ActiveCfg = Debug|Any CPU
		{7749963D-03A1-424B-B627-DEA6278D6924}.Debug|Any CPU.Build.0 = Debug|Any CPU
		{7749963D-03A1-424B-B627-DEA6278D6924}.Release|Any CPU.ActiveCfg = Release|Any CPU
		{7749963D-03A1-424B-B627-DEA6278D6924}.Release|Any CPU.Build.0 = Release|Any CPU
		{450575DA-46ED-4229-9D67-F79202EF345E}.Debug|Any CPU.ActiveCfg = Debug|Any CPU
		{450575DA-46ED-4229-9D67-F79202EF345E}.Debug|Any CPU.Build.0 = Debug|Any CPU
		{450575DA-46ED-4229-9D67-F79202EF345E}.Release|Any CPU.ActiveCfg = Release|Any CPU
		{450575DA-46ED-4229-9D67-F79202EF345E}.Release|Any CPU.Build.0 = Release|Any CPU
		{B5A34FF0-0FA6-487D-AC10-9F0CE9296778}.Debug|Any CPU.ActiveCfg = Debug|Any CPU
		{B5A34FF0-0FA6-487D-AC10-9F0CE9296778}.Debug|Any CPU.Build.0 = Debug|Any CPU
		{B5A34FF0-0FA6-487D-AC10-9F0CE9296778}.Release|Any CPU.ActiveCfg = Release|Any CPU
		{B5A34FF0-0FA6-487D-AC10-9F0CE9296778}.Release|Any CPU.Build.0 = Release|Any CPU
	EndGlobalSection
	GlobalSection(SolutionProperties) = preSolution
		HideSolutionNode = FALSE
	EndGlobalSection
	GlobalSection(ExtensibilityGlobals) = postSolution
		SolutionGuid = {F0A8720B-1771-4158-8ADE-5270E7523060}
	EndGlobalSection
EndGlobal
